
Microsoft Visual Studio Solution File, Format Version 12.00
# Visual Studio Version 16
VisualStudioVersion = 16.0.29411.108
MinimumVisualStudioVersion = 10.0.40219.1
Project("{FAE04EC0-301F-11D3-BF4B-00C04F79EFBC}") = "Assignment2", "Assignment2\Assignment2.csproj", "{BA8F210E-CDFA-4CC7-BEB9-835E9783EBB5}"
EndProject
Global
	GlobalSection(SolutionConfigurationPlatforms) = preSolution
		Debug|Any CPU = Debug|Any CPU
		Release|Any CPU = Release|Any CPU
	EndGlobalSection
	GlobalSection(ProjectConfigurationPlatforms) = postSolution
		{BA8F210E-CDFA-4CC7-BEB9-835E9783EBB5}.Debug|Any CPU.ActiveCfg = Debug|Any CPU
		{BA8F210E-CDFA-4CC7-BEB9-835E9783EBB5}.Debug|Any CPU.Build.0 = Debug|Any CPU
		{BA8F210E-CDFA-4CC7-BEB9-835E9783EBB5}.Release|Any CPU.ActiveCfg = Release|Any CPU
		{BA8F210E-CDFA-4CC7-BEB9-835E9783EBB5}.Release|Any CPU.Build.0 = Release|Any CPU
	EndGlobalSection
	GlobalSection(SolutionProperties) = preSolution
		HideSolutionNode = FALSE
	EndGlobalSection
	GlobalSection(ExtensibilityGlobals) = postSolution
		SolutionGuid = {FF2935E8-C678-444E-B5DE-C2A888350030}
	EndGlobalSection
EndGlobal
